
Microsoft Visual Studio Solution File, Format Version 12.00
# Visual Studio 14
VisualStudioVersion = 14.0.25420.1
MinimumVisualStudioVersion = 10.0.40219.1
Project("{9092AA53-FB77-4645-B42D-1CCCA6BD08BD}") = "chatApplication", "chatApplication\chatApplication.njsproj", "{DCC6DCA0-FDEC-4D56-B6FF-819A5F0AF67A}"
EndProject
Global
	GlobalSection(SolutionConfigurationPlatforms) = preSolution
		Debug|Any CPU = Debug|Any CPU
		Release|Any CPU = Release|Any CPU
	EndGlobalSection
	GlobalSection(ProjectConfigurationPlatforms) = postSolution
		{DCC6DCA0-FDEC-4D56-B6FF-819A5F0AF67A}.Debug|Any CPU.ActiveCfg = Debug|Any CPU
		{DCC6DCA0-FDEC-4D56-B6FF-819A5F0AF67A}.Debug|Any CPU.Build.0 = Debug|Any CPU
		{DCC6DCA0-FDEC-4D56-B6FF-819A5F0AF67A}.Release|Any CPU.ActiveCfg = Release|Any CPU
		{DCC6DCA0-FDEC-4D56-B6FF-819A5F0AF67A}.Release|Any CPU.Build.0 = Release|Any CPU
	EndGlobalSection
	GlobalSection(SolutionProperties) = preSolution
		HideSolutionNode = FALSE
	EndGlobalSection
EndGlobal
